
Microsoft Visual Studio Solution File, Format Version 12.00
# Visual Studio 15
VisualStudioVersion = 15.0.27004.2006
MinimumVisualStudioVersion = 10.0.40219.1
Project("{FAE04EC0-301F-11D3-BF4B-00C04F79EFBC}") = "SpineViewerWPF.Core", "src\SpineViewerWPF.Core\SpineViewerWPF.Core.csproj", "{C641517E-60E1-4E9A-AAF6-6F0538947BD2}"
EndProject
Project("{FAE04EC0-301F-11D3-BF4B-00C04F79EFBC}") = "SpineViewerWPF.Application", "src\SpineViewerWPF.Application\SpineViewerWPF.Application.csproj", "{D57A9748-D652-42C4-96E8-6D5CDAFB0862}"
EndProject
Project("{FAE04EC0-301F-11D3-BF4B-00C04F79EFBC}") = "SpineViewerWPF.Wpf", "src\SpineViewerWPF.Wpf\SpineViewerWPF.Wpf.csproj", "{5CD1809A-1947-4A55-B469-C2BFD6E52B36}"
EndProject
Project("{FAE04EC0-301F-11D3-BF4B-00C04F79EFBC}") = "SpineViewerWPF.Cli", "src\SpineViewerWPF.Cli\SpineViewerWPF.Cli.csproj", "{06C9A3A3-E47B-4A4C-BA31-CFF720A25887}"
EndProject
Project("{FAE04EC0-301F-11D3-BF4B-00C04F79EFBC}") = "SpineViewerWPF.Application.Smoke", "tests\SpineViewerWPF.Application.Smoke\SpineViewerWPF.Application.Smoke.csproj", "{FDE16709-6BD0-4D4B-8AA4-E0E4BA27990A}"
EndProject
Project("{FAE04EC0-301F-11D3-BF4B-00C04F79EFBC}") = "SpineRuntime.V21_08", "runtimes\SpineRuntime.V21_08\SpineRuntime.V21_08.csproj", "{46794AAA-5996-4732-A450-E78221226FEA}"
EndProject
Project("{FAE04EC0-301F-11D3-BF4B-00C04F79EFBC}") = "SpineRuntime.V21_25", "runtimes\SpineRuntime.V21_25\SpineRuntime.V21_25.csproj", "{586900E7-96E0-4B9A-B504-31547496EDB2}"
EndProject
Project("{FAE04EC0-301F-11D3-BF4B-00C04F79EFBC}") = "SpineRuntime.V31_07", "runtimes\SpineRuntime.V31_07\SpineRuntime.V31_07.csproj", "{6E95ABB0-A5BA-4454-9311-5EEB75E9502B}"
EndProject
Project("{FAE04EC0-301F-11D3-BF4B-00C04F79EFBC}") = "SpineRuntime.V32", "runtimes\SpineRuntime.V32\SpineRuntime.V32.csproj", "{34D613BD-3A87-496D-98B6-986B048DB21D}"
EndProject
Project("{FAE04EC0-301F-11D3-BF4B-00C04F79EFBC}") = "SpineRuntime.V34_02", "runtimes\SpineRuntime.V34_02\SpineRuntime.V34_02.csproj", "{398FF0D2-CF27-4145-8F1C-F9D7D36A8D42}"
EndProject
Project("{FAE04EC0-301F-11D3-BF4B-00C04F79EFBC}") = "SpineRuntime.V35_51", "runtimes\SpineRuntime.V35_51\SpineRuntime.V35_51.csproj", "{76B51354-60C0-4A53-A3A6-C83F1B0A5955}"
EndProject
Project("{FAE04EC0-301F-11D3-BF4B-00C04F79EFBC}") = "SpineRuntime.V36_32", "runtimes\SpineRuntime.V36_32\SpineRuntime.V36_32.csproj", "{2630FF01-767D-412D-BF5D-2679C209D0A1}"
EndProject
Project("{FAE04EC0-301F-11D3-BF4B-00C04F79EFBC}") = "SpineRuntime.V36_39", "runtimes\SpineRuntime.V36_39\SpineRuntime.V36_39.csproj", "{8B511363-3DE6-464F-B8EE-3658C02871BB}"
EndProject
Project("{FAE04EC0-301F-11D3-BF4B-00C04F79EFBC}") = "SpineRuntime.V36_53", "runtimes\SpineRuntime.V36_53\SpineRuntime.V36_53.csproj", "{A2E3755A-F800-44C6-9355-743DB4E0083A}"
EndProject
Project("{FAE04EC0-301F-11D3-BF4B-00C04F79EFBC}") = "SpineRuntime.V37_94", "runtimes\SpineRuntime.V37_94\SpineRuntime.V37_94.csproj", "{AEAFDC0B-C66E-43F5-93AB-A36767833B09}"
EndProject
Project("{FAE04EC0-301F-11D3-BF4B-00C04F79EFBC}") = "SpineRuntime.V38_95", "runtimes\SpineRuntime.V38_95\SpineRuntime.V38_95.csproj", "{2A3692F3-B82D-4954-B25D-D31B58876090}"
EndProject
Project("{FAE04EC0-301F-11D3-BF4B-00C04F79EFBC}") = "SpineRuntime.V40_31", "runtimes\SpineRuntime.V40_31\SpineRuntime.V40_31.csproj", "{A7E01AE7-5C99-44A6-8997-3389CB16FBD0}"
EndProject
Project("{FAE04EC0-301F-11D3-BF4B-00C04F79EFBC}") = "SpineRuntime.V40", "runtimes\SpineRuntime.V40\SpineRuntime.V40.csproj", "{4F35EFA2-CD4A-48E2-A45E-D22B0B805C17}"
EndProject
Project("{FAE04EC0-301F-11D3-BF4B-00C04F79EFBC}") = "SpineRuntime.V41", "runtimes\SpineRuntime.V41\SpineRuntime.V41.csproj", "{5F74A94F-1C66-45AB-85DB-52BFF0F00F86}"
EndProject
Project("{FAE04EC0-301F-11D3-BF4B-00C04F79EFBC}") = "SpineRuntime.V42", "runtimes\SpineRuntime.V42\SpineRuntime.V42.csproj", "{C875A998-1AE8-4FCA-B5E6-BFEBCB7B5A7D}"
EndProject
Global
	GlobalSection(SolutionConfigurationPlatforms) = preSolution
		Debug|Any CPU = Debug|Any CPU
		Debug|x64 = Debug|x64
		Debug|x86 = Debug|x86
		Release|Any CPU = Release|Any CPU
		Release|x64 = Release|x64
		Release|x86 = Release|x86
	EndGlobalSection
	GlobalSection(ProjectConfigurationPlatforms) = postSolution
		{C641517E-60E1-4E9A-AAF6-6F0538947BD2}.Debug|Any CPU.ActiveCfg = Debug|Any CPU
		{C641517E-60E1-4E9A-AAF6-6F0538947BD2}.Debug|Any CPU.Build.0 = Debug|Any CPU
		{C641517E-60E1-4E9A-AAF6-6F0538947BD2}.Debug|x64.ActiveCfg = Debug|Any CPU
		{C641517E-60E1-4E9A-AAF6-6F0538947BD2}.Debug|x64.Build.0 = Debug|Any CPU
		{C641517E-60E1-4E9A-AAF6-6F0538947BD2}.Debug|x86.ActiveCfg = Debug|Any CPU
		{C641517E-60E1-4E9A-AAF6-6F0538947BD2}.Debug|x86.Build.0 = Debug|Any CPU
		{C641517E-60E1-4E9A-AAF6-6F0538947BD2}.Release|Any CPU.ActiveCfg = Release|Any CPU
		{C641517E-60E1-4E9A-AAF6-6F0538947BD2}.Release|Any CPU.Build.0 = Release|Any CPU
		{C641517E-60E1-4E9A-AAF6-6F0538947BD2}.Release|x64.ActiveCfg = Release|Any CPU
		{C641517E-60E1-4E9A-AAF6-6F0538947BD2}.Release|x64.Build.0 = Release|Any CPU
		{C641517E-60E1-4E9A-AAF6-6F0538947BD2}.Release|x86.ActiveCfg = Release|Any CPU
		{C641517E-60E1-4E9A-AAF6-6F0538947BD2}.Release|x86.Build.0 = Release|Any CPU
		{D57A9748-D652-42C4-96E8-6D5CDAFB0862}.Debug|Any CPU.ActiveCfg = Debug|Any CPU
		{D57A9748-D652-42C4-96E8-6D5CDAFB0862}.Debug|Any CPU.Build.0 = Debug|Any CPU
		{D57A9748-D652-42C4-96E8-6D5CDAFB0862}.Debug|x64.ActiveCfg = Debug|Any CPU
		{D57A9748-D652-42C4-96E8-6D5CDAFB0862}.Debug|x64.Build.0 = Debug|Any CPU
		{D57A9748-D652-42C4-96E8-6D5CDAFB0862}.Debug|x86.ActiveCfg = Debug|Any CPU
		{D57A9748-D652-42C4-96E8-6D5CDAFB0862}.Debug|x86.Build.0 = Debug|Any CPU
		{D57A9748-D652-42C4-96E8-6D5CDAFB0862}.Release|Any CPU.ActiveCfg = Release|Any CPU
		{D57A9748-D652-42C4-96E8-6D5CDAFB0862}.Release|Any CPU.Build.0 = Release|Any CPU
		{D57A9748-D652-42C4-96E8-6D5CDAFB0862}.Release|x64.ActiveCfg = Release|Any CPU
		{D57A9748-D652-42C4-96E8-6D5CDAFB0862}.Release|x64.Build.0 = Release|Any CPU
		{D57A9748-D652-42C4-96E8-6D5CDAFB0862}.Release|x86.ActiveCfg = Release|Any CPU
		{D57A9748-D652-42C4-96E8-6D5CDAFB0862}.Release|x86.Build.0 = Release|Any CPU
		{5CD1809A-1947-4A55-B469-C2BFD6E52B36}.Debug|Any CPU.ActiveCfg = Debug|Any CPU
		{5CD1809A-1947-4A55-B469-C2BFD6E52B36}.Debug|Any CPU.Build.0 = Debug|Any CPU
		{5CD1809A-1947-4A55-B469-C2BFD6E52B36}.Debug|x64.ActiveCfg = Debug|Any CPU
		{5CD1809A-1947-4A55-B469-C2BFD6E52B36}.Debug|x64.Build.0 = Debug|Any CPU
		{5CD1809A-1947-4A55-B469-C2BFD6E52B36}.Debug|x86.ActiveCfg = Debug|Any CPU
		{5CD1809A-1947-4A55-B469-C2BFD6E52B36}.Debug|x86.Build.0 = Debug|Any CPU
		{5CD1809A-1947-4A55-B469-C2BFD6E52B36}.Release|Any CPU.ActiveCfg = Release|Any CPU
		{5CD1809A-1947-4A55-B469-C2BFD6E52B36}.Release|Any CPU.Build.0 = Release|Any CPU
		{5CD1809A-1947-4A55-B469-C2BFD6E52B36}.Release|x64.ActiveCfg = Release|Any CPU
		{5CD1809A-1947-4A55-B469-C2BFD6E52B36}.Release|x64.Build.0 = Release|Any CPU
		{5CD1809A-1947-4A55-B469-C2BFD6E52B36}.Release|x86.ActiveCfg = Release|Any CPU
		{5CD1809A-1947-4A55-B469-C2BFD6E52B36}.Release|x86.Build.0 = Release|Any CPU
		{06C9A3A3-E47B-4A4C-BA31-CFF720A25887}.Debug|Any CPU.ActiveCfg = Debug|Any CPU
		{06C9A3A3-E47B-4A4C-BA31-CFF720A25887}.Debug|Any CPU.Build.0 = Debug|Any CPU
		{06C9A3A3-E47B-4A4C-BA31-CFF720A25887}.Debug|x64.ActiveCfg = Debug|Any CPU
		{06C9A3A3-E47B-4A4C-BA31-CFF720A25887}.Debug|x64.Build.0 = Debug|Any CPU
		{06C9A3A3-E47B-4A4C-BA31-CFF720A25887}.Debug|x86.ActiveCfg = Debug|Any CPU
		{06C9A3A3-E47B-4A4C-BA31-CFF720A25887}.Debug|x86.Build.0 = Debug|Any CPU
		{06C9A3A3-E47B-4A4C-BA31-CFF720A25887}.Release|Any CPU.ActiveCfg = Release|Any CPU
		{06C9A3A3-E47B-4A4C-BA31-CFF720A25887}.Release|Any CPU.Build.0 = Release|Any CPU
		{06C9A3A3-E47B-4A4C-BA31-CFF720A25887}.Release|x64.ActiveCfg = Release|Any CPU
		{06C9A3A3-E47B-4A4C-BA31-CFF720A25887}.Release|x64.Build.0 = Release|Any CPU
		{06C9A3A3-E47B-4A4C-BA31-CFF720A25887}.Release|x86.ActiveCfg = Release|Any CPU
		{06C9A3A3-E47B-4A4C-BA31-CFF720A25887}.Release|x86.Build.0 = Release|Any CPU
		{FDE16709-6BD0-4D4B-8AA4-E0E4BA27990A}.Debug|Any CPU.ActiveCfg = Debug|Any CPU
		{FDE16709-6BD0-4D4B-8AA4-E0E4BA27990A}.Debug|Any CPU.Build.0 = Debug|Any CPU
		{FDE16709-6BD0-4D4B-8AA4-E0E4BA27990A}.Debug|x64.ActiveCfg = Debug|Any CPU
		{FDE16709-6BD0-4D4B-8AA4-E0E4BA27990A}.Debug|x64.Build.0 = Debug|Any CPU
		{FDE16709-6BD0-4D4B-8AA4-E0E4BA27990A}.Debug|x86.ActiveCfg = Debug|Any CPU
		{FDE16709-6BD0-4D4B-8AA4-E0E4BA27990A}.Debug|x86.Build.0 = Debug|Any CPU
		{FDE16709-6BD0-4D4B-8AA4-E0E4BA27990A}.Release|Any CPU.ActiveCfg = Release|Any CPU
		{FDE16709-6BD0-4D4B-8AA4-E0E4BA27990A}.Release|Any CPU.Build.0 = Release|Any CPU
		{FDE16709-6BD0-4D4B-8AA4-E0E4BA27990A}.Release|x64.ActiveCfg = Release|Any CPU
		{FDE16709-6BD0-4D4B-8AA4-E0E4BA27990A}.Release|x64.Build.0 = Release|Any CPU
		{FDE16709-6BD0-4D4B-8AA4-E0E4BA27990A}.Release|x86.ActiveCfg = Release|Any CPU
		{FDE16709-6BD0-4D4B-8AA4-E0E4BA27990A}.Release|x86.Build.0 = Release|Any CPU
		{46794AAA-5996-4732-A450-E78221226FEA}.Debug|Any CPU.ActiveCfg = Debug|Any CPU
		{46794AAA-5996-4732-A450-E78221226FEA}.Debug|Any CPU.Build.0 = Debug|Any CPU
		{46794AAA-5996-4732-A450-E78221226FEA}.Debug|x64.ActiveCfg = Debug|Any CPU
		{46794AAA-5996-4732-A450-E78221226FEA}.Debug|x64.Build.0 = Debug|Any CPU
		{46794AAA-5996-4732-A450-E78221226FEA}.Debug|x86.ActiveCfg = Debug|Any CPU
		{46794AAA-5996-4732-A450-E78221226FEA}.Debug|x86.Build.0 = Debug|Any CPU
		{46794AAA-5996-4732-A450-E78221226FEA}.Release|Any CPU.ActiveCfg = Release|Any CPU
		{46794AAA-5996-4732-A450-E78221226FEA}.Release|Any CPU.Build.0 = Release|Any CPU
		{46794AAA-5996-4732-A450-E78221226FEA}.Release|x64.ActiveCfg = Release|Any CPU
		{46794AAA-5996-4732-A450-E78221226FEA}.Release|x64.Build.0 = Release|Any CPU
		{46794AAA-5996-4732-A450-E78221226FEA}.Release|x86.ActiveCfg = Release|Any CPU
		{46794AAA-5996-4732-A450-E78221226FEA}.Release|x86.Build.0 = Release|Any CPU
		{586900E7-96E0-4B9A-B504-31547496EDB2}.Debug|Any CPU.ActiveCfg = Debug|Any CPU
		{586900E7-96E0-4B9A-B504-31547496EDB2}.Debug|Any CPU.Build.0 = Debug|Any CPU
		{586900E7-96E0-4B9A-B504-31547496EDB2}.Debug|x64.ActiveCfg = Debug|Any CPU
		{586900E7-96E0-4B9A-B504-31547496EDB2}.Debug|x64.Build.0 = Debug|Any CPU
		{586900E7-96E0-4B9A-B504-31547496EDB2}.Debug|x86.ActiveCfg = Debug|Any CPU
		{586900E7-96E0-4B9A-B504-31547496EDB2}.Debug|x86.Build.0 = Debug|Any CPU
		{586900E7-96E0-4B9A-B504-31547496EDB2}.Release|Any CPU.ActiveCfg = Release|Any CPU
		{586900E7-96E0-4B9A-B504-31547496EDB2}.Release|Any CPU.Build.0 = Release|Any CPU
		{586900E7-96E0-4B9A-B504-31547496EDB2}.Release|x64.ActiveCfg = Release|Any CPU
		{586900E7-96E0-4B9A-B504-31547496EDB2}.Release|x64.Build.0 = Release|Any CPU
		{586900E7-96E0-4B9A-B504-31547496EDB2}.Release|x86.ActiveCfg = Release|Any CPU
		{586900E7-96E0-4B9A-B504-31547496EDB2}.Release|x86.Build.0 = Release|Any CPU
		{6E95ABB0-A5BA-4454-9311-5EEB75E9502B}.Debug|Any CPU.ActiveCfg = Debug|Any CPU
		{6E95ABB0-A5BA-4454-9311-5EEB75E9502B}.Debug|Any CPU.Build.0 = Debug|Any CPU
		{6E95ABB0-A5BA-4454-9311-5EEB75E9502B}.Debug|x64.ActiveCfg = Debug|Any CPU
		{6E95ABB0-A5BA-4454-9311-5EEB75E9502B}.Debug|x64.Build.0 = Debug|Any CPU
		{6E95ABB0-A5BA-4454-9311-5EEB75E9502B}.Debug|x86.ActiveCfg = Debug|Any CPU
		{6E95ABB0-A5BA-4454-9311-5EEB75E9502B}.Debug|x86.Build.0 = Debug|Any CPU
		{6E95ABB0-A5BA-4454-9311-5EEB75E9502B}.Release|Any CPU.ActiveCfg = Release|Any CPU
		{6E95ABB0-A5BA-4454-9311-5EEB75E9502B}.Release|Any CPU.Build.0 = Release|Any CPU
		{6E95ABB0-A5BA-4454-9311-5EEB75E9502B}.Release|x64.ActiveCfg = Release|Any CPU
		{6E95ABB0-A5BA-4454-9311-5EEB75E9502B}.Release|x64.Build.0 = Release|Any CPU
		{6E95ABB0-A5BA-4454-9311-5EEB75E9502B}.Release|x86.ActiveCfg = Release|Any CPU
		{6E95ABB0-A5BA-4454-9311-5EEB75E9502B}.Release|x86.Build.0 = Release|Any CPU
		{34D613BD-3A87-496D-98B6-986B048DB21D}.Debug|Any CPU.ActiveCfg = Debug|Any CPU
		{34D613BD-3A87-496D-98B6-986B048DB21D}.Debug|Any CPU.Build.0 = Debug|Any CPU
		{34D613BD-3A87-496D-98B6-986B048DB21D}.Debug|x64.ActiveCfg = Debug|Any CPU
		{34D613BD-3A87-496D-98B6-986B048DB21D}.Debug|x64.Build.0 = Debug|Any CPU
		{34D613BD-3A87-496D-98B6-986B048DB21D}.Debug|x86.ActiveCfg = Debug|Any CPU
		{34D613BD-3A87-496D-98B6-986B048DB21D}.Debug|x86.Build.0 = Debug|Any CPU
		{34D613BD-3A87-496D-98B6-986B048DB21D}.Release|Any CPU.ActiveCfg = Release|Any CPU
		{34D613BD-3A87-496D-98B6-986B048DB21D}.Release|Any CPU.Build.0 = Release|Any CPU
		{34D613BD-3A87-496D-98B6-986B048DB21D}.Release|x64.ActiveCfg = Release|Any CPU
		{34D613BD-3A87-496D-98B6-986B048DB21D}.Release|x64.Build.0 = Release|Any CPU
		{34D613BD-3A87-496D-98B6-986B048DB21D}.Release|x86.ActiveCfg = Release|Any CPU
		{34D613BD-3A87-496D-98B6-986B048DB21D}.Release|x86.Build.0 = Release|Any CPU
		{398FF0D2-CF27-4145-8F1C-F9D7D36A8D42}.Debug|Any CPU.ActiveCfg = Debug|Any CPU
		{398FF0D2-CF27-4145-8F1C-F9D7D36A8D42}.Debug|Any CPU.Build.0 = Debug|Any CPU
		{398FF0D2-CF27-4145-8F1C-F9D7D36A8D42}.Debug|x64.ActiveCfg = Debug|Any CPU
		{398FF0D2-CF27-4145-8F1C-F9D7D36A8D42}.Debug|x64.Build.0 = Debug|Any CPU
		{398FF0D2-CF27-4145-8F1C-F9D7D36A8D42}.Debug|x86.ActiveCfg = Debug|Any CPU
		{398FF0D2-CF27-4145-8F1C-F9D7D36A8D42}.Debug|x86.Build.0 = Debug|Any CPU
		{398FF0D2-CF27-4145-8F1C-F9D7D36A8D42}.Release|Any CPU.ActiveCfg = Release|Any CPU
		{398FF0D2-CF27-4145-8F1C-F9D7D36A8D42}.Release|Any CPU.Build.0 = Release|Any CPU
		{398FF0D2-CF27-4145-8F1C-F9D7D36A8D42}.Release|x64.ActiveCfg = Release|Any CPU
		{398FF0D2-CF27-4145-8F1C-F9D7D36A8D42}.Release|x64.Build.0 = Release|Any CPU
		{398FF0D2-CF27-4145-8F1C-F9D7D36A8D42}.Release|x86.ActiveCfg = Release|Any CPU
		{398FF0D2-CF27-4145-8F1C-F9D7D36A8D42}.Release|x86.Build.0 = Release|Any CPU
		{76B51354-60C0-4A53-A3A6-C83F1B0A5955}.Debug|Any CPU.ActiveCfg = Debug|Any CPU
		{76B51354-60C0-4A53-A3A6-C83F1B0A5955}.Debug|Any CPU.Build.0 = Debug|Any CPU
		{76B51354-60C0-4A53-A3A6-C83F1B0A5955}.Debug|x64.ActiveCfg = Debug|Any CPU
		{76B51354-60C0-4A53-A3A6-C83F1B0A5955}.Debug|x64.Build.0 = Debug|Any CPU
		{76B51354-60C0-4A53-A3A6-C83F1B0A5955}.Debug|x86.ActiveCfg = Debug|Any CPU
		{76B51354-60C0-4A53-A3A6-C83F1B0A5955}.Debug|x86.Build.0 = Debug|Any CPU
		{76B51354-60C0-4A53-A3A6-C83F1B0A5955}.Release|Any CPU.ActiveCfg = Release|Any CPU
		{76B51354-60C0-4A53-A3A6-C83F1B0A5955}.Release|Any CPU.Build.0 = Release|Any CPU
		{76B51354-60C0-4A53-A3A6-C83F1B0A5955}.Release|x64.ActiveCfg = Release|Any CPU
		{76B51354-60C0-4A53-A3A6-C83F1B0A5955}.Release|x64.Build.0 = Release|Any CPU
		{76B51354-60C0-4A53-A3A6-C83F1B0A5955}.Release|x86.ActiveCfg = Release|Any CPU
		{76B51354-60C0-4A53-A3A6-C83F1B0A5955}.Release|x86.Build.0 = Release|Any CPU
		{2630FF01-767D-412D-BF5D-2679C209D0A1}.Debug|Any CPU.ActiveCfg = Debug|Any CPU
		{2630FF01-767D-412D-BF5D-2679C209D0A1}.Debug|Any CPU.Build.0 = Debug|Any CPU
		{2630FF01-767D-412D-BF5D-2679C209D0A1}.Debug|x64.ActiveCfg = Debug|Any CPU
		{2630FF01-767D-412D-BF5D-2679C209D0A1}.Debug|x64.Build.0 = Debug|Any CPU
		{2630FF01-767D-412D-BF5D-2679C209D0A1}.Debug|x86.ActiveCfg = Debug|Any CPU
		{2630FF01-767D-412D-BF5D-2679C209D0A1}.Debug|x86.Build.0 = Debug|Any CPU
		{2630FF01-767D-412D-BF5D-2679C209D0A1}.Release|Any CPU.ActiveCfg = Release|Any CPU
		{2630FF01-767D-412D-BF5D-2679C209D0A1}.Release|Any CPU.Build.0 = Release|Any CPU
		{2630FF01-767D-412D-BF5D-2679C209D0A1}.Release|x64.ActiveCfg = Release|Any CPU
		{2630FF01-767D-412D-BF5D-2679C209D0A1}.Release|x64.Build.0 = Release|Any CPU
		{2630FF01-767D-412D-BF5D-2679C209D0A1}.Release|x86.ActiveCfg = Release|Any CPU
		{2630FF01-767D-412D-BF5D-2679C209D0A1}.Release|x86.Build.0 = Release|Any CPU
		{8B511363-3DE6-464F-B8EE-3658C02871BB}.Debug|Any CPU.ActiveCfg = Debug|Any CPU
		{8B511363-3DE6-464F-B8EE-3658C02871BB}.Debug|Any CPU.Build.0 = Debug|Any CPU
		{8B511363-3DE6-464F-B8EE-3658C02871BB}.Debug|x64.ActiveCfg = Debug|Any CPU
		{8B511363-3DE6-464F-B8EE-3658C02871BB}.Debug|x64.Build.0 = Debug|Any CPU
		{8B511363-3DE6-464F-B8EE-3658C02871BB}.Debug|x86.ActiveCfg = Debug|Any CPU
		{8B511363-3DE6-464F-B8EE-3658C02871BB}.Debug|x86.Build.0 = Debug|Any CPU
		{8B511363-3DE6-464F-B8EE-3658C02871BB}.Release|Any CPU.ActiveCfg = Release|Any CPU
		{8B511363-3DE6-464F-B8EE-3658C02871BB}.Release|Any CPU.Build.0 = Release|Any CPU
		{8B511363-3DE6-464F-B8EE-3658C02871BB}.Release|x64.ActiveCfg = Release|Any CPU
		{8B511363-3DE6-464F-B8EE-3658C02871BB}.Release|x64.Build.0 = Release|Any CPU
		{8B511363-3DE6-464F-B8EE-3658C02871BB}.Release|x86.ActiveCfg = Release|Any CPU
		{8B511363-3DE6-464F-B8EE-3658C02871BB}.Release|x86.Build.0 = Release|Any CPU
		{A2E3755A-F800-44C6-9355-743DB4E0083A}.Debug|Any CPU.ActiveCfg = Debug|Any CPU
		{A2E3755A-F800-44C6-9355-743DB4E0083A}.Debug|Any CPU.Build.0 = Debug|Any CPU
		{A2E3755A-F800-44C6-9355-743DB4E0083A}.Debug|x64.ActiveCfg = Debug|Any CPU
		{A2E3755A-F800-44C6-9355-743DB4E0083A}.Debug|x64.Build.0 = Debug|Any CPU
		{A2E3755A-F800-44C6-9355-743DB4E0083A}.Debug|x86.ActiveCfg = Debug|Any CPU
		{A2E3755A-F800-44C6-9355-743DB4E0083A}.Debug|x86.Build.0 = Debug|Any CPU
		{A2E3755A-F800-44C6-9355-743DB4E0083A}.Release|Any CPU.ActiveCfg = Release|Any CPU
		{A2E3755A-F800-44C6-9355-743DB4E0083A}.Release|Any CPU.Build.0 = Release|Any CPU
		{A2E3755A-F800-44C6-9355-743DB4E0083A}.Release|x64.ActiveCfg = Release|Any CPU
		{A2E3755A-F800-44C6-9355-743DB4E0083A}.Release|x64.Build.0 = Release|Any CPU
		{A2E3755A-F800-44C6-9355-743DB4E0083A}.Release|x86.ActiveCfg = Release|Any CPU
		{A2E3755A-F800-44C6-9355-743DB4E0083A}.Release|x86.Build.0 = Release|Any CPU
		{AEAFDC0B-C66E-43F5-93AB-A36767833B09}.Debug|Any CPU.ActiveCfg = Debug|Any CPU
		{AEAFDC0B-C66E-43F5-93AB-A36767833B09}.Debug|Any CPU.Build.0 = Debug|Any CPU
		{AEAFDC0B-C66E-43F5-93AB-A36767833B09}.Debug|x64.ActiveCfg = Debug|Any CPU
		{AEAFDC0B-C66E-43F5-93AB-A36767833B09}.Debug|x64.Build.0 = Debug|Any CPU
		{AEAFDC0B-C66E-43F5-93AB-A36767833B09}.Debug|x86.ActiveCfg = Debug|Any CPU
		{AEAFDC0B-C66E-43F5-93AB-A36767833B09}.Debug|x86.Build.0 = Debug|Any CPU
		{AEAFDC0B-C66E-43F5-93AB-A36767833B09}.Release|Any CPU.ActiveCfg = Release|Any CPU
		{AEAFDC0B-C66E-43F5-93AB-A36767833B09}.Release|Any CPU.Build.0 = Release|Any CPU
		{AEAFDC0B-C66E-43F5-93AB-A36767833B09}.Release|x64.ActiveCfg = Release|Any CPU
		{AEAFDC0B-C66E-43F5-93AB-A36767833B09}.Release|x64.Build.0 = Release|Any CPU
		{AEAFDC0B-C66E-43F5-93AB-A36767833B09}.Release|x86.ActiveCfg = Release|Any CPU
		{AEAFDC0B-C66E-43F5-93AB-A36767833B09}.Release|x86.Build.0 = Release|Any CPU
		{2A3692F3-B82D-4954-B25D-D31B58876090}.Debug|Any CPU.ActiveCfg = Debug|Any CPU
		{2A3692F3-B82D-4954-B25D-D31B58876090}.Debug|Any CPU.Build.0 = Debug|Any CPU
		{2A3692F3-B82D-4954-B25D-D31B58876090}.Debug|x64.ActiveCfg = Debug|Any CPU
		{2A3692F3-B82D-4954-B25D-D31B58876090}.Debug|x64.Build.0 = Debug|Any CPU
		{2A3692F3-B82D-4954-B25D-D31B58876090}.Debug|x86.ActiveCfg = Debug|Any CPU
		{2A3692F3-B82D-4954-B25D-D31B58876090}.Debug|x86.Build.0 = Debug|Any CPU
		{2A3692F3-B82D-4954-B25D-D31B58876090}.Release|Any CPU.ActiveCfg = Release|Any CPU
		{2A3692F3-B82D-4954-B25D-D31B58876090}.Release|Any CPU.Build.0 = Release|Any CPU
		{2A3692F3-B82D-4954-B25D-D31B58876090}.Release|x64.ActiveCfg = Release|Any CPU
		{2A3692F3-B82D-4954-B25D-D31B58876090}.Release|x64.Build.0 = Release|Any CPU
		{2A3692F3-B82D-4954-B25D-D31B58876090}.Release|x86.ActiveCfg = Release|Any CPU
		{2A3692F3-B82D-4954-B25D-D31B58876090}.Release|x86.Build.0 = Release|Any CPU
		{A7E01AE7-5C99-44A6-8997-3389CB16FBD0}.Debug|Any CPU.ActiveCfg = Debug|Any CPU
		{A7E01AE7-5C99-44A6-8997-3389CB16FBD0}.Debug|Any CPU.Build.0 = Debug|Any CPU
		{A7E01AE7-5C99-44A6-8997-3389CB16FBD0}.Debug|x64.ActiveCfg = Debug|Any CPU
		{A7E01AE7-5C99-44A6-8997-3389CB16FBD0}.Debug|x64.Build.0 = Debug|Any CPU
		{A7E01AE7-5C99-44A6-8997-3389CB16FBD0}.Debug|x86.ActiveCfg = Debug|Any CPU
		{A7E01AE7-5C99-44A6-8997-3389CB16FBD0}.Debug|x86.Build.0 = Debug|Any CPU
		{A7E01AE7-5C99-44A6-8997-3389CB16FBD0}.Release|Any CPU.ActiveCfg = Release|Any CPU
		{A7E01AE7-5C99-44A6-8997-3389CB16FBD0}.Release|Any CPU.Build.0 = Release|Any CPU
		{A7E01AE7-5C99-44A6-8997-3389CB16FBD0}.Release|x64.ActiveCfg = Release|Any CPU
		{A7E01AE7-5C99-44A6-8997-3389CB16FBD0}.Release|x64.Build.0 = Release|Any CPU
		{A7E01AE7-5C99-44A6-8997-3389CB16FBD0}.Release|x86.ActiveCfg = Release|Any CPU
		{A7E01AE7-5C99-44A6-8997-3389CB16FBD0}.Release|x86.Build.0 = Release|Any CPU
		{4F35EFA2-CD4A-48E2-A45E-D22B0B805C17}.Debug|Any CPU.ActiveCfg = Debug|Any CPU
		{4F35EFA2-CD4A-48E2-A45E-D22B0B805C17}.Debug|Any CPU.Build.0 = Debug|Any CPU
		{4F35EFA2-CD4A-48E2-A45E-D22B0B805C17}.Debug|x64.ActiveCfg = Debug|Any CPU
		{4F35EFA2-CD4A-48E2-A45E-D22B0B805C17}.Debug|x64.Build.0 = Debug|Any CPU
		{4F35EFA2-CD4A-48E2-A45E-D22B0B805C17}.Debug|x86.ActiveCfg = Debug|Any CPU
		{4F35EFA2-CD4A-48E2-A45E-D22B0B805C17}.Debug|x86.Build.0 = Debug|Any CPU
		{4F35EFA2-CD4A-48E2-A45E-D22B0B805C17}.Release|Any CPU.ActiveCfg = Release|Any CPU
		{4F35EFA2-CD4A-48E2-A45E-D22B0B805C17}.Release|Any CPU.Build.0 = Release|Any CPU
		{4F35EFA2-CD4A-48E2-A45E-D22B0B805C17}.Release|x64.ActiveCfg = Release|Any CPU
		{4F35EFA2-CD4A-48E2-A45E-D22B0B805C17}.Release|x64.Build.0 = Release|Any CPU
		{4F35EFA2-CD4A-48E2-A45E-D22B0B805C17}.Release|x86.ActiveCfg = Release|Any CPU
		{4F35EFA2-CD4A-48E2-A45E-D22B0B805C17}.Release|x86.Build.0 = Release|Any CPU
		{5F74A94F-1C66-45AB-85DB-52BFF0F00F86}.Debug|Any CPU.ActiveCfg = Debug|Any CPU
		{5F74A94F-1C66-45AB-85DB-52BFF0F00F86}.Debug|Any CPU.Build.0 = Debug|Any CPU
		{5F74A94F-1C66-45AB-85DB-52BFF0F00F86}.Debug|x64.ActiveCfg = Debug|Any CPU
		{5F74A94F-1C66-45AB-85DB-52BFF0F00F86}.Debug|x64.Build.0 = Debug|Any CPU
		{5F74A94F-1C66-45AB-85DB-52BFF0F00F86}.Debug|x86.ActiveCfg = Debug|Any CPU
		{5F74A94F-1C66-45AB-85DB-52BFF0F00F86}.Debug|x86.Build.0 = Debug|Any CPU
		{5F74A94F-1C66-45AB-85DB-52BFF0F00F86}.Release|Any CPU.ActiveCfg = Release|Any CPU
		{5F74A94F-1C66-45AB-85DB-52BFF0F00F86}.Release|Any CPU.Build.0 = Release|Any CPU
		{5F74A94F-1C66-45AB-85DB-52BFF0F00F86}.Release|x64.ActiveCfg = Release|Any CPU
		{5F74A94F-1C66-45AB-85DB-52BFF0F00F86}.Release|x64.Build.0 = Release|Any CPU
		{5F74A94F-1C66-45AB-85DB-52BFF0F00F86}.Release|x86.ActiveCfg = Release|Any CPU
		{5F74A94F-1C66-45AB-85DB-52BFF0F00F86}.Release|x86.Build.0 = Release|Any CPU
		{C875A998-1AE8-4FCA-B5E6-BFEBCB7B5A7D}.Debug|Any CPU.ActiveCfg = Debug|Any CPU
		{C875A998-1AE8-4FCA-B5E6-BFEBCB7B5A7D}.Debug|Any CPU.Build.0 = Debug|Any CPU
		{C875A998-1AE8-4FCA-B5E6-BFEBCB7B5A7D}.Debug|x64.ActiveCfg = Debug|Any CPU
		{C875A998-1AE8-4FCA-B5E6-BFEBCB7B5A7D}.Debug|x64.Build.0 = Debug|Any CPU
		{C875A998-1AE8-4FCA-B5E6-BFEBCB7B5A7D}.Debug|x86.ActiveCfg = Debug|Any CPU
		{C875A998-1AE8-4FCA-B5E6-BFEBCB7B5A7D}.Debug|x86.Build.0 = Debug|Any CPU
		{C875A998-1AE8-4FCA-B5E6-BFEBCB7B5A7D}.Release|Any CPU.ActiveCfg = Release|Any CPU
		{C875A998-1AE8-4FCA-B5E6-BFEBCB7B5A7D}.Release|Any CPU.Build.0 = Release|Any CPU
		{C875A998-1AE8-4FCA-B5E6-BFEBCB7B5A7D}.Release|x64.ActiveCfg = Release|Any CPU
		{C875A998-1AE8-4FCA-B5E6-BFEBCB7B5A7D}.Release|x64.Build.0 = Release|Any CPU
		{C875A998-1AE8-4FCA-B5E6-BFEBCB7B5A7D}.Release|x86.ActiveCfg = Release|Any CPU
		{C875A998-1AE8-4FCA-B5E6-BFEBCB7B5A7D}.Release|x86.Build.0 = Release|Any CPU
	EndGlobalSection
	GlobalSection(SolutionProperties) = preSolution
		HideSolutionNode = FALSE
	EndGlobalSection
	GlobalSection(ExtensibilityGlobals) = postSolution
		SolutionGuid = {AC0793F8-CE7B-4F3B-8C50-83EB09F80EDD}
	EndGlobalSection
EndGlobal
