
Microsoft Visual Studio Solution File, Format Version 12.00
# Visual Studio 15
VisualStudioVersion = 15.0.27004.2006
MinimumVisualStudioVersion = 10.0.40219.1
Project("{FAE04EC0-301F-11D3-BF4B-00C04F79EFBC}") = "SpineViewerWPF", "SpineViewerWPF\SpineViewerWPF.csproj", "{28600FC6-6C22-4BEF-8865-AD159B5E8C5F}"
EndProject
Global
	GlobalSection(SolutionConfigurationPlatforms) = preSolution
		Debug|Any CPU = Debug|Any CPU
		Release|Any CPU = Release|Any CPU
	EndGlobalSection
	GlobalSection(ProjectConfigurationPlatforms) = postSolution
		{28600FC6-6C22-4BEF-8865-AD159B5E8C5F}.Debug|Any CPU.ActiveCfg = Debug|Any CPU
		{28600FC6-6C22-4BEF-8865-AD159B5E8C5F}.Debug|Any CPU.Build.0 = Debug|Any CPU
		{28600FC6-6C22-4BEF-8865-AD159B5E8C5F}.Release|Any CPU.ActiveCfg = Release|Any CPU
		{28600FC6-6C22-4BEF-8865-AD159B5E8C5F}.Release|Any CPU.Build.0 = Release|Any CPU
	EndGlobalSection
	GlobalSection(SolutionProperties) = preSolution
		HideSolutionNode = FALSE
	EndGlobalSection
	GlobalSection(ExtensibilityGlobals) = postSolution
		SolutionGuid = {AC0793F8-CE7B-4F3B-8C50-83EB09F80EDD}
	EndGlobalSection
EndGlobal
